// !$*UTF8*$!
{
	archiveVersion = 1;
	classes = {
	};
	objectVersion = 55;
	objects = {

/* Begin PBXBuildFile section */
		76FC1D4D290AD42B00DD8E94 /* AppDelegate.swift in Sources */ = {isa = PBXBuildFile; fileRef = 76FC1D4C290AD42B00DD8E94 /* AppDelegate.swift */; };
		76FC1D4F290AD42B00DD8E94 /* SceneDelegate.swift in Sources */ = {isa = PBXBuildFile; fileRef = 76FC1D4E290AD42B00DD8E94 /* SceneDelegate.swift */; };
		76FC1D51290AD42B00DD8E94 /* ViewController.swift in Sources */ = {isa = PBXBuildFile; fileRef = 76FC1D50290AD42B00DD8E94 /* ViewController.swift */; };
		76FC1D54290AD42B00DD8E94 /* Main.storyboard in Resources */ = {isa = PBXBuildFile; fileRef = 76FC1D52290AD42B00DD8E94 /* Main.storyboard */; };
		76FC1D56290AD42C00DD8E94 /* Assets.xcassets in Resources */ = {isa = PBXBuildFile; fileRef = 76FC1D55290AD42C00DD8E94 /* Assets.xcassets */; };
		76FC1D59290AD42C00DD8E94 /* LaunchScreen.storyboard in Resources */ = {isa = PBXBuildFile; fileRef = 76FC1D57290AD42C00DD8E94 /* LaunchScreen.storyboard */; };
		76FC1D65290BEB8400DD8E94 /* VCMainViewController.swift in Sources */ = {isa = PBXBuildFile; fileRef = 76FC1D64290BEB8400DD8E94 /* VCMainViewController.swift */; };
		76FC1D68290BECFD00DD8E94 /* VCMain.storyboard in Resources */ = {isa = PBXBuildFile; fileRef = 76FC1D67290BECFD00DD8E94 /* VCMain.storyboard */; };
		76FC1D6B290BFD4C00DD8E94 /* BaseViewController.swift in Sources */ = {isa = PBXBuildFile; fileRef = 76FC1D6A290BFD4C00DD8E94 /* BaseViewController.swift */; };
		76FC1D6F290C047200DD8E94 /* .gitignore in Resources */ = {isa = PBXBuildFile; fileRef = 76FC1D6E290C047200DD8E94 /* .gitignore */; };
		76FC1D71290C049600DD8E94 /* APIkey.swift in Sources */ = {isa = PBXBuildFile; fileRef = 76FC1D70290C049600DD8E94 /* APIkey.swift */; };
		76FC1D73290C10EA00DD8E94 /* RandomImage.swift in Sources */ = {isa = PBXBuildFile; fileRef = 76FC1D72290C10EA00DD8E94 /* RandomImage.swift */; };
		76FC1D7C290FFBBA00DD8E94 /* MVCView.swift in Sources */ = {isa = PBXBuildFile; fileRef = 76FC1D7B290FFBBA00DD8E94 /* MVCView.swift */; };
		76FC1D7E290FFBD300DD8E94 /* BaseView.swift in Sources */ = {isa = PBXBuildFile; fileRef = 76FC1D7D290FFBD300DD8E94 /* BaseView.swift */; };
		76FC1D80290FFE1000DD8E94 /* AppStrings.swift in Sources */ = {isa = PBXBuildFile; fileRef = 76FC1D7F290FFE1000DD8E94 /* AppStrings.swift */; };
		76FC1D83290FFE6B00DD8E94 /* UIButton+Extension.swift in Sources */ = {isa = PBXBuildFile; fileRef = 76FC1D82290FFE6B00DD8E94 /* UIButton+Extension.swift */; };
		76FC1D85290FFF2800DD8E94 /* UIImageView+Extension.swift in Sources */ = {isa = PBXBuildFile; fileRef = 76FC1D84290FFF2800DD8E94 /* UIImageView+Extension.swift */; };
		76FC1D892910064C00DD8E94 /* MVCViewController.swift in Sources */ = {isa = PBXBuildFile; fileRef = 76FC1D882910064C00DD8E94 /* MVCViewController.swift */; };
/* End PBXBuildFile section */

/* Begin PBXFileReference section */
		76FC1D49290AD42B00DD8E94 /* PatternPracticeWithUnsplashAPI.app */ = {isa = PBXFileReference; explicitFileType = wrapper.application; includeInIndex = 0; path = PatternPracticeWithUnsplashAPI.app; sourceTree = BUILT_PRODUCTS_DIR; };
		76FC1D4C290AD42B00DD8E94 /* AppDelegate.swift */ = {isa = PBXFileReference; lastKnownFileType = sourcecode.swift; path = AppDelegate.swift; sourceTree = "<group>"; };
		76FC1D4E290AD42B00DD8E94 /* SceneDelegate.swift */ = {isa = PBXFileReference; lastKnownFileType = sourcecode.swift; path = SceneDelegate.swift; sourceTree = "<group>"; };
		76FC1D50290AD42B00DD8E94 /* ViewController.swift */ = {isa = PBXFileReference; lastKnownFileType = sourcecode.swift; path = ViewController.swift; sourceTree = "<group>"; };
		76FC1D53290AD42B00DD8E94 /* Base */ = {isa = PBXFileReference; lastKnownFileType = file.storyboard; name = Base; path = Base.lproj/Main.storyboard; sourceTree = "<group>"; };
		76FC1D55290AD42C00DD8E94 /* Assets.xcassets */ = {isa = PBXFileReference; lastKnownFileType = folder.assetcatalog; path = Assets.xcassets; sourceTree = "<group>"; };
		76FC1D58290AD42C00DD8E94 /* Base */ = {isa = PBXFileReference; lastKnownFileType = file.storyboard; name = Base; path = Base.lproj/LaunchScreen.storyboard; sourceTree = "<group>"; };
		76FC1D5A290AD42C00DD8E94 /* Info.plist */ = {isa = PBXFileReference; lastKnownFileType = text.plist.xml; path = Info.plist; sourceTree = "<group>"; };
		76FC1D64290BEB8400DD8E94 /* VCMainViewController.swift */ = {isa = PBXFileReference; lastKnownFileType = sourcecode.swift; path = VCMainViewController.swift; sourceTree = "<group>"; };
		76FC1D67290BECFD00DD8E94 /* VCMain.storyboard */ = {isa = PBXFileReference; lastKnownFileType = file.storyboard; path = VCMain.storyboard; sourceTree = "<group>"; };
		76FC1D6A290BFD4C00DD8E94 /* BaseViewController.swift */ = {isa = PBXFileReference; lastKnownFileType = sourcecode.swift; path = BaseViewController.swift; sourceTree = "<group>"; };
		76FC1D6E290C047200DD8E94 /* .gitignore */ = {isa = PBXFileReference; lastKnownFileType = text; path = .gitignore; sourceTree = "<group>"; };
		76FC1D70290C049600DD8E94 /* APIkey.swift */ = {isa = PBXFileReference; lastKnownFileType = sourcecode.swift; name = APIkey.swift; path = ../../../../../../Desktop/APIkey.swift; sourceTree = "<group>"; };
		76FC1D72290C10EA00DD8E94 /* RandomImage.swift */ = {isa = PBXFileReference; lastKnownFileType = sourcecode.swift; path = RandomImage.swift; sourceTree = "<group>"; };
		76FC1D7B290FFBBA00DD8E94 /* MVCView.swift */ = {isa = PBXFileReference; lastKnownFileType = sourcecode.swift; path = MVCView.swift; sourceTree = "<group>"; };
		76FC1D7D290FFBD300DD8E94 /* BaseView.swift */ = {isa = PBXFileReference; lastKnownFileType = sourcecode.swift; path = BaseView.swift; sourceTree = "<group>"; };
		76FC1D7F290FFE1000DD8E94 /* AppStrings.swift */ = {isa = PBXFileReference; lastKnownFileType = sourcecode.swift; path = AppStrings.swift; sourceTree = "<group>"; };
		76FC1D82290FFE6B00DD8E94 /* UIButton+Extension.swift */ = {isa = PBXFileReference; lastKnownFileType = sourcecode.swift; path = "UIButton+Extension.swift"; sourceTree = "<group>"; };
		76FC1D84290FFF2800DD8E94 /* UIImageView+Extension.swift */ = {isa = PBXFileReference; lastKnownFileType = sourcecode.swift; path = "UIImageView+Extension.swift"; sourceTree = "<group>"; };
		76FC1D882910064C00DD8E94 /* MVCViewController.swift */ = {isa = PBXFileReference; lastKnownFileType = sourcecode.swift; path = MVCViewController.swift; sourceTree = "<group>"; };
/* End PBXFileReference section */

/* Begin PBXFrameworksBuildPhase section */
		76FC1D46290AD42B00DD8E94 /* Frameworks */ = {
			isa = PBXFrameworksBuildPhase;
			buildActionMask = 2147483647;
			files = (
			);
			runOnlyForDeploymentPostprocessing = 0;
		};
/* End PBXFrameworksBuildPhase section */

/* Begin PBXGroup section */
		76FC1D40290AD42B00DD8E94 = {
			isa = PBXGroup;
			children = (
				76FC1D6E290C047200DD8E94 /* .gitignore */,
				76FC1D4B290AD42B00DD8E94 /* PatternPracticeWithUnsplashAPI */,
				76FC1D4A290AD42B00DD8E94 /* Products */,
			);
			sourceTree = "<group>";
		};
		76FC1D4A290AD42B00DD8E94 /* Products */ = {
			isa = PBXGroup;
			children = (
				76FC1D49290AD42B00DD8E94 /* PatternPracticeWithUnsplashAPI.app */,
			);
			name = Products;
			sourceTree = "<group>";
		};
		76FC1D4B290AD42B00DD8E94 /* PatternPracticeWithUnsplashAPI */ = {
			isa = PBXGroup;
			children = (
				76FC1D5A290AD42C00DD8E94 /* Info.plist */,
				76FC1D4C290AD42B00DD8E94 /* AppDelegate.swift */,
				76FC1D4E290AD42B00DD8E94 /* SceneDelegate.swift */,
				76FC1D55290AD42C00DD8E94 /* Assets.xcassets */,
				76FC1D69290BFD3D00DD8E94 /* Common */,
				76FC1D57290AD42C00DD8E94 /* LaunchScreen.storyboard */,
				76FC1D66290BEBAE00DD8E94 /* Main */,
				76FC1D60290AD43300DD8E94 /* VC */,
				76FC1D61290ADBEC00DD8E94 /* MVC */,
				76FC1D62290ADC0400DD8E94 /* MVVM */,
				76FC1D63290BE8C200DD8E94 /* MVVM+RxSwift */,
			);
			path = PatternPracticeWithUnsplashAPI;
			sourceTree = "<group>";
		};
		76FC1D60290AD43300DD8E94 /* VC */ = {
			isa = PBXGroup;
			children = (
				76FC1D64290BEB8400DD8E94 /* VCMainViewController.swift */,
				76FC1D67290BECFD00DD8E94 /* VCMain.storyboard */,
			);
			path = VC;
			sourceTree = "<group>";
		};
		76FC1D61290ADBEC00DD8E94 /* MVC */ = {
			isa = PBXGroup;
			children = (
				76FC1D7A290FFB0200DD8E94 /* Controller */,
				76FC1D78290FF85300DD8E94 /* Model */,
				76FC1D79290FF85900DD8E94 /* View */,
			);
			path = MVC;
			sourceTree = "<group>";
		};
		76FC1D62290ADC0400DD8E94 /* MVVM */ = {
			isa = PBXGroup;
			children = (
			);
			path = MVVM;
			sourceTree = "<group>";
		};
		76FC1D63290BE8C200DD8E94 /* MVVM+RxSwift */ = {
			isa = PBXGroup;
			children = (
			);
			path = "MVVM+RxSwift";
			sourceTree = "<group>";
		};
		76FC1D66290BEBAE00DD8E94 /* Main */ = {
			isa = PBXGroup;
			children = (
				76FC1D50290AD42B00DD8E94 /* ViewController.swift */,
				76FC1D52290AD42B00DD8E94 /* Main.storyboard */,
			);
			path = Main;
			sourceTree = "<group>";
		};
		76FC1D69290BFD3D00DD8E94 /* Common */ = {
			isa = PBXGroup;
			children = (
				76FC1D81290FFE5500DD8E94 /* Design+Extension */,
				76FC1D70290C049600DD8E94 /* APIkey.swift */,
				76FC1D7F290FFE1000DD8E94 /* AppStrings.swift */,
				76FC1D7D290FFBD300DD8E94 /* BaseView.swift */,
				76FC1D6A290BFD4C00DD8E94 /* BaseViewController.swift */,
				76FC1D72290C10EA00DD8E94 /* RandomImage.swift */,
			);
			path = Common;
			sourceTree = "<group>";
		};
		76FC1D78290FF85300DD8E94 /* Model */ = {
			isa = PBXGroup;
			children = (
			);
			path = Model;
			sourceTree = "<group>";
		};
		76FC1D79290FF85900DD8E94 /* View */ = {
			isa = PBXGroup;
			children = (
				76FC1D7B290FFBBA00DD8E94 /* MVCView.swift */,
			);
			path = View;
			sourceTree = "<group>";
		};
		76FC1D7A290FFB0200DD8E94 /* Controller */ = {
			isa = PBXGroup;
			children = (
				76FC1D882910064C00DD8E94 /* MVCViewController.swift */,
			);
			path = Controller;
			sourceTree = "<group>";
		};
		76FC1D81290FFE5500DD8E94 /* Design+Extension */ = {
			isa = PBXGroup;
			children = (
				76FC1D82290FFE6B00DD8E94 /* UIButton+Extension.swift */,
				76FC1D84290FFF2800DD8E94 /* UIImageView+Extension.swift */,
			);
			path = "Design+Extension";
			sourceTree = "<group>";
		};
/* End PBXGroup section */

/* Begin PBXNativeTarget section */
		76FC1D48290AD42B00DD8E94 /* PatternPracticeWithUnsplashAPI */ = {
			isa = PBXNativeTarget;
			buildConfigurationList = 76FC1D5D290AD42C00DD8E94 /* Build configuration list for PBXNativeTarget "PatternPracticeWithUnsplashAPI" */;
			buildPhases = (
				76FC1D45290AD42B00DD8E94 /* Sources */,
				76FC1D46290AD42B00DD8E94 /* Frameworks */,
				76FC1D47290AD42B00DD8E94 /* Resources */,
			);
			buildRules = (
			);
			dependencies = (
			);
			name = PatternPracticeWithUnsplashAPI;
			packageProductDependencies = (
			);
			productName = PatternPracticeWithUnsplashAPI;
			productReference = 76FC1D49290AD42B00DD8E94 /* PatternPracticeWithUnsplashAPI.app */;
			productType = "com.apple.product-type.application";
		};
/* End PBXNativeTarget section */

/* Begin PBXProject section */
		76FC1D41290AD42B00DD8E94 /* Project object */ = {
			isa = PBXProject;
			attributes = {
				BuildIndependentTargetsInParallel = 1;
				LastSwiftUpdateCheck = 1340;
				LastUpgradeCheck = 1340;
				TargetAttributes = {
					76FC1D48290AD42B00DD8E94 = {
						CreatedOnToolsVersion = 13.4.1;
					};
				};
			};
			buildConfigurationList = 76FC1D44290AD42B00DD8E94 /* Build configuration list for PBXProject "PatternPracticeWithUnsplashAPI" */;
			compatibilityVersion = "Xcode 13.0";
			developmentRegion = en;
			hasScannedForEncodings = 0;
			knownRegions = (
				en,
				Base,
			);
			mainGroup = 76FC1D40290AD42B00DD8E94;
			packageReferences = (
			);
			productRefGroup = 76FC1D4A290AD42B00DD8E94 /* Products */;
			projectDirPath = "";
			projectRoot = "";
			targets = (
				76FC1D48290AD42B00DD8E94 /* PatternPracticeWithUnsplashAPI */,
			);
		};
/* End PBXProject section */

/* Begin PBXResourcesBuildPhase section */
		76FC1D47290AD42B00DD8E94 /* Resources */ = {
			isa = PBXResourcesBuildPhase;
			buildActionMask = 2147483647;
			files = (
				76FC1D6F290C047200DD8E94 /* .gitignore in Resources */,
				76FC1D68290BECFD00DD8E94 /* VCMain.storyboard in Resources */,
				76FC1D59290AD42C00DD8E94 /* LaunchScreen.storyboard in Resources */,
				76FC1D56290AD42C00DD8E94 /* Assets.xcassets in Resources */,
				76FC1D54290AD42B00DD8E94 /* Main.storyboard in Resources */,
			);
			runOnlyForDeploymentPostprocessing = 0;
		};
/* End PBXResourcesBuildPhase section */

/* Begin PBXSourcesBuildPhase section */
		76FC1D45290AD42B00DD8E94 /* Sources */ = {
			isa = PBXSourcesBuildPhase;
			buildActionMask = 2147483647;
			files = (
				76FC1D6B290BFD4C00DD8E94 /* BaseViewController.swift in Sources */,
				76FC1D7C290FFBBA00DD8E94 /* MVCView.swift in Sources */,
				76FC1D892910064C00DD8E94 /* MVCViewController.swift in Sources */,
				76FC1D65290BEB8400DD8E94 /* VCMainViewController.swift in Sources */,
				76FC1D83290FFE6B00DD8E94 /* UIButton+Extension.swift in Sources */,
				76FC1D51290AD42B00DD8E94 /* ViewController.swift in Sources */,
				76FC1D4D290AD42B00DD8E94 /* AppDelegate.swift in Sources */,
				76FC1D85290FFF2800DD8E94 /* UIImageView+Extension.swift in Sources */,
				76FC1D71290C049600DD8E94 /* APIkey.swift in Sources */,
				76FC1D7E290FFBD300DD8E94 /* BaseView.swift in Sources */,
				76FC1D73290C10EA00DD8E94 /* RandomImage.swift in Sources */,
				76FC1D80290FFE1000DD8E94 /* AppStrings.swift in Sources */,
				76FC1D4F290AD42B00DD8E94 /* SceneDelegate.swift in Sources */,
			);
			runOnlyForDeploymentPostprocessing = 0;
		};
/* End PBXSourcesBuildPhase section */

/* Begin PBXVariantGroup section */
		76FC1D52290AD42B00DD8E94 /* Main.storyboard */ = {
			isa = PBXVariantGroup;
			children = (
				76FC1D53290AD42B00DD8E94 /* Base */,
			);
			name = Main.storyboard;
			sourceTree = "<group>";
		};
		76FC1D57290AD42C00DD8E94 /* LaunchScreen.storyboard */ = {
			isa = PBXVariantGroup;
			children = (
				76FC1D58290AD42C00DD8E94 /* Base */,
			);
			name = LaunchScreen.storyboard;
			sourceTree = "<group>";
		};
/* End PBXVariantGroup section */

/* Begin XCBuildConfiguration section */
		76FC1D5B290AD42C00DD8E94 /* Debug */ = {
			isa = XCBuildConfiguration;
			buildSettings = {
				ALWAYS_SEARCH_USER_PATHS = NO;
				CLANG_ANALYZER_NONNULL = YES;
				CLANG_ANALYZER_NUMBER_OBJECT_CONVERSION = YES_AGGRESSIVE;
				CLANG_CXX_LANGUAGE_STANDARD = "gnu++17";
				CLANG_ENABLE_MODULES = YES;
				CLANG_ENABLE_OBJC_ARC = YES;
				CLANG_ENABLE_OBJC_WEAK = YES;
				CLANG_WARN_BLOCK_CAPTURE_AUTORELEASING = YES;
				CLANG_WARN_BOOL_CONVERSION = YES;
				CLANG_WARN_COMMA = YES;
				CLANG_WARN_CONSTANT_CONVERSION = YES;
				CLANG_WARN_DEPRECATED_OBJC_IMPLEMENTATIONS = YES;
				CLANG_WARN_DIRECT_OBJC_ISA_USAGE = YES_ERROR;
				CLANG_WARN_DOCUMENTATION_COMMENTS = YES;
				CLANG_WARN_EMPTY_BODY = YES;
				CLANG_WARN_ENUM_CONVERSION = YES;
				CLANG_WARN_INFINITE_RECURSION = YES;
				CLANG_WARN_INT_CONVERSION = YES;
				CLANG_WARN_NON_LITERAL_NULL_CONVERSION = YES;
				CLANG_WARN_OBJC_IMPLICIT_RETAIN_SELF = YES;
				CLANG_WARN_OBJC_LITERAL_CONVERSION = YES;
				CLANG_WARN_OBJC_ROOT_CLASS = YES_ERROR;
				CLANG_WARN_QUOTED_INCLUDE_IN_FRAMEWORK_HEADER = YES;
				CLANG_WARN_RANGE_LOOP_ANALYSIS = YES;
				CLANG_WARN_STRICT_PROTOTYPES = YES;
				CLANG_WARN_SUSPICIOUS_MOVE = YES;
				CLANG_WARN_UNGUARDED_AVAILABILITY = YES_AGGRESSIVE;
				CLANG_WARN_UNREACHABLE_CODE = YES;
				CLANG_WARN__DUPLICATE_METHOD_MATCH = YES;
				COPY_PHASE_STRIP = NO;
				DEBUG_INFORMATION_FORMAT = dwarf;
				ENABLE_STRICT_OBJC_MSGSEND = YES;
				ENABLE_TESTABILITY = YES;
				GCC_C_LANGUAGE_STANDARD = gnu11;
				GCC_DYNAMIC_NO_PIC = NO;
				GCC_NO_COMMON_BLOCKS = YES;
				GCC_OPTIMIZATION_LEVEL = 0;
				GCC_PREPROCESSOR_DEFINITIONS = (
					"DEBUG=1",
					"$(inherited)",
				);
				GCC_WARN_64_TO_32_BIT_CONVERSION = YES;
				GCC_WARN_ABOUT_RETURN_TYPE = YES_ERROR;
				GCC_WARN_UNDECLARED_SELECTOR = YES;
				GCC_WARN_UNINITIALIZED_AUTOS = YES_AGGRESSIVE;
				GCC_WARN_UNUSED_FUNCTION = YES;
				GCC_WARN_UNUSED_VARIABLE = YES;
				IPHONEOS_DEPLOYMENT_TARGET = 15.5;
				MTL_ENABLE_DEBUG_INFO = INCLUDE_SOURCE;
				MTL_FAST_MATH = YES;
				ONLY_ACTIVE_ARCH = YES;
				SDKROOT = iphoneos;
				SWIFT_ACTIVE_COMPILATION_CONDITIONS = DEBUG;
				SWIFT_OPTIMIZATION_LEVEL = "-Onone";
			};
			name = Debug;
		};
		76FC1D5C290AD42C00DD8E94 /* Release */ = {
			isa = XCBuildConfiguration;
			buildSettings = {
				ALWAYS_SEARCH_USER_PATHS = NO;
				CLANG_ANALYZER_NONNULL = YES;
				CLANG_ANALYZER_NUMBER_OBJECT_CONVERSION = YES_AGGRESSIVE;
				CLANG_CXX_LANGUAGE_STANDARD = "gnu++17";
				CLANG_ENABLE_MODULES = YES;
				CLANG_ENABLE_OBJC_ARC = YES;
				CLANG_ENABLE_OBJC_WEAK = YES;
				CLANG_WARN_BLOCK_CAPTURE_AUTORELEASING = YES;
				CLANG_WARN_BOOL_CONVERSION = YES;
				CLANG_WARN_COMMA = YES;
				CLANG_WARN_CONSTANT_CONVERSION = YES;
				CLANG_WARN_DEPRECATED_OBJC_IMPLEMENTATIONS = YES;
				CLANG_WARN_DIRECT_OBJC_ISA_USAGE = YES_ERROR;
				CLANG_WARN_DOCUMENTATION_COMMENTS = YES;
				CLANG_WARN_EMPTY_BODY = YES;
				CLANG_WARN_ENUM_CONVERSION = YES;
				CLANG_WARN_INFINITE_RECURSION = YES;
				CLANG_WARN_INT_CONVERSION = YES;
				CLANG_WARN_NON_LITERAL_NULL_CONVERSION = YES;
				CLANG_WARN_OBJC_IMPLICIT_RETAIN_SELF = YES;
				CLANG_WARN_OBJC_LITERAL_CONVERSION = YES;
				CLANG_WARN_OBJC_ROOT_CLASS = YES_ERROR;
				CLANG_WARN_QUOTED_INCLUDE_IN_FRAMEWORK_HEADER = YES;
				CLANG_WARN_RANGE_LOOP_ANALYSIS = YES;
				CLANG_WARN_STRICT_PROTOTYPES = YES;
				CLANG_WARN_SUSPICIOUS_MOVE = YES;
				CLANG_WARN_UNGUARDED_AVAILABILITY = YES_AGGRESSIVE;
				CLANG_WARN_UNREACHABLE_CODE = YES;
				CLANG_WARN__DUPLICATE_METHOD_MATCH = YES;
				COPY_PHASE_STRIP = NO;
				DEBUG_INFORMATION_FORMAT = "dwarf-with-dsym";
				ENABLE_NS_ASSERTIONS = NO;
				ENABLE_STRICT_OBJC_MSGSEND = YES;
				GCC_C_LANGUAGE_STANDARD = gnu11;
				GCC_NO_COMMON_BLOCKS = YES;
				GCC_WARN_64_TO_32_BIT_CONVERSION = YES;
				GCC_WARN_ABOUT_RETURN_TYPE = YES_ERROR;
				GCC_WARN_UNDECLARED_SELECTOR = YES;
				GCC_WARN_UNINITIALIZED_AUTOS = YES_AGGRESSIVE;
				GCC_WARN_UNUSED_FUNCTION = YES;
				GCC_WARN_UNUSED_VARIABLE = YES;
				IPHONEOS_DEPLOYMENT_TARGET = 15.5;
				MTL_ENABLE_DEBUG_INFO = NO;
				MTL_FAST_MATH = YES;
				SDKROOT = iphoneos;
				SWIFT_COMPILATION_MODE = wholemodule;
				SWIFT_OPTIMIZATION_LEVEL = "-O";
				VALIDATE_PRODUCT = YES;
			};
			name = Release;
		};
		76FC1D5E290AD42C00DD8E94 /* Debug */ = {
			isa = XCBuildConfiguration;
			buildSettings = {
				ASSETCATALOG_COMPILER_APPICON_NAME = AppIcon;
				ASSETCATALOG_COMPILER_GLOBAL_ACCENT_COLOR_NAME = AccentColor;
				CODE_SIGN_STYLE = Automatic;
				CURRENT_PROJECT_VERSION = 1;
				DEVELOPMENT_TEAM = RJ93CKCV9A;
				GENERATE_INFOPLIST_FILE = YES;
				INFOPLIST_FILE = PatternPracticeWithUnsplashAPI/Info.plist;
				INFOPLIST_KEY_UIApplicationSupportsIndirectInputEvents = YES;
				INFOPLIST_KEY_UILaunchStoryboardName = LaunchScreen;
				INFOPLIST_KEY_UIMainStoryboardFile = Main;
				INFOPLIST_KEY_UISupportedInterfaceOrientations_iPad = "UIInterfaceOrientationPortrait UIInterfaceOrientationPortraitUpsideDown UIInterfaceOrientationLandscapeLeft UIInterfaceOrientationLandscapeRight";
				INFOPLIST_KEY_UISupportedInterfaceOrientations_iPhone = "UIInterfaceOrientationPortrait UIInterfaceOrientationLandscapeLeft UIInterfaceOrientationLandscapeRight";
				LD_RUNPATH_SEARCH_PATHS = (
					"$(inherited)",
					"@executable_path/Frameworks",
				);
				MARKETING_VERSION = 1.0;
				PRODUCT_BUNDLE_IDENTIFIER = com.vonreal.PatternPracticeWithUnsplashAPI;
				PRODUCT_NAME = "$(TARGET_NAME)";
				SWIFT_EMIT_LOC_STRINGS = YES;
				SWIFT_VERSION = 5.0;
				TARGETED_DEVICE_FAMILY = "1,2";
			};
			name = Debug;
		};
		76FC1D5F290AD42C00DD8E94 /* Release */ = {
			isa = XCBuildConfiguration;
			buildSettings = {
				ASSETCATALOG_COMPILER_APPICON_NAME = AppIcon;
				ASSETCATALOG_COMPILER_GLOBAL_ACCENT_COLOR_NAME = AccentColor;
				CODE_SIGN_STYLE = Automatic;
				CURRENT_PROJECT_VERSION = 1;
				DEVELOPMENT_TEAM = RJ93CKCV9A;
				GENERATE_INFOPLIST_FILE = YES;
				INFOPLIST_FILE = PatternPracticeWithUnsplashAPI/Info.plist;
				INFOPLIST_KEY_UIApplicationSupportsIndirectInputEvents = YES;
				INFOPLIST_KEY_UILaunchStoryboardName = LaunchScreen;
				INFOPLIST_KEY_UIMainStoryboardFile = Main;
				INFOPLIST_KEY_UISupportedInterfaceOrientations_iPad = "UIInterfaceOrientationPortrait UIInterfaceOrientationPortraitUpsideDown UIInterfaceOrientationLandscapeLeft UIInterfaceOrientationLandscapeRight";
				INFOPLIST_KEY_UISupportedInterfaceOrientations_iPhone = "UIInterfaceOrientationPortrait UIInterfaceOrientationLandscapeLeft UIInterfaceOrientationLandscapeRight";
				LD_RUNPATH_SEARCH_PATHS = (
					"$(inherited)",
					"@executable_path/Frameworks",
				);
				MARKETING_VERSION = 1.0;
				PRODUCT_BUNDLE_IDENTIFIER = com.vonreal.PatternPracticeWithUnsplashAPI;
				PRODUCT_NAME = "$(TARGET_NAME)";
				SWIFT_EMIT_LOC_STRINGS = YES;
				SWIFT_VERSION = 5.0;
				TARGETED_DEVICE_FAMILY = "1,2";
			};
			name = Release;
		};
/* End XCBuildConfiguration section */

/* Begin XCConfigurationList section */
		76FC1D44290AD42B00DD8E94 /* Build configuration list for PBXProject "PatternPracticeWithUnsplashAPI" */ = {
			isa = XCConfigurationList;
			buildConfigurations = (
				76FC1D5B290AD42C00DD8E94 /* Debug */,
				76FC1D5C290AD42C00DD8E94 /* Release */,
			);
			defaultConfigurationIsVisible = 0;
			defaultConfigurationName = Release;
		};
		76FC1D5D290AD42C00DD8E94 /* Build configuration list for PBXNativeTarget "PatternPracticeWithUnsplashAPI" */ = {
			isa = XCConfigurationList;
			buildConfigurations = (
				76FC1D5E290AD42C00DD8E94 /* Debug */,
				76FC1D5F290AD42C00DD8E94 /* Release */,
			);
			defaultConfigurationIsVisible = 0;
			defaultConfigurationName = Release;
		};
/* End XCConfigurationList section */
	};
	rootObject = 76FC1D41290AD42B00DD8E94 /* Project object */;
}
